
Microsoft Visual Studio Solution File, Format Version 12.00
Project("{2150E333-8FDC-42A3-9474-1A3956D46DE8}") = "src", "src", "{FF83966A-45D2-4AC5-861D-F4B338619E6A}"
EndProject
Project("{FAE04EC0-301F-11D3-BF4B-00C04F79EFBC}") = "Application", "Application\Application.csproj", "{8FF787C0-DDEA-44AF-AE7A-7C4E16744983}"
EndProject
Project("{FAE04EC0-301F-11D3-BF4B-00C04F79EFBC}") = "Domain", "Domain\Domain.csproj", "{5C94A274-DB83-4AF6-95A1-F452708A0AAA}"
EndProject
Project("{FAE04EC0-301F-11D3-BF4B-00C04F79EFBC}") = "Infrastructure", "Infrastructure\Infrastructure.csproj", "{9FC03F34-EAEE-4721-97DA-65201B348BAD}"
EndProject
Project("{FAE04EC0-301F-11D3-BF4B-00C04F79EFBC}") = "Web", "Web\Web.csproj", "{F7F06841-102B-4682-ADC1-641C3D9B4DF1}"
EndProject
Project("{FAE04EC0-301F-11D3-BF4B-00C04F79EFBC}") = "DbMigrator", "DbMigrator\DbMigrator.csproj", "{D79050C7-4C74-4E0A-86C6-87EF8E8D9E6E}"
EndProject
Global
	GlobalSection(SolutionConfigurationPlatforms) = preSolution
		Debug|Any CPU = Debug|Any CPU
		Release|Any CPU = Release|Any CPU
	EndGlobalSection
	GlobalSection(NestedProjects) = preSolution
		{8FF787C0-DDEA-44AF-AE7A-7C4E16744983} = {FF83966A-45D2-4AC5-861D-F4B338619E6A}
		{5C94A274-DB83-4AF6-95A1-F452708A0AAA} = {FF83966A-45D2-4AC5-861D-F4B338619E6A}
		{9FC03F34-EAEE-4721-97DA-65201B348BAD} = {FF83966A-45D2-4AC5-861D-F4B338619E6A}
		{F7F06841-102B-4682-ADC1-641C3D9B4DF1} = {FF83966A-45D2-4AC5-861D-F4B338619E6A}
		{D79050C7-4C74-4E0A-86C6-87EF8E8D9E6E} = {FF83966A-45D2-4AC5-861D-F4B338619E6A}
	EndGlobalSection
	GlobalSection(ProjectConfigurationPlatforms) = postSolution
		{8FF787C0-DDEA-44AF-AE7A-7C4E16744983}.Debug|Any CPU.ActiveCfg = Debug|Any CPU
		{8FF787C0-DDEA-44AF-AE7A-7C4E16744983}.Debug|Any CPU.Build.0 = Debug|Any CPU
		{8FF787C0-DDEA-44AF-AE7A-7C4E16744983}.Release|Any CPU.ActiveCfg = Release|Any CPU
		{8FF787C0-DDEA-44AF-AE7A-7C4E16744983}.Release|Any CPU.Build.0 = Release|Any CPU
		{5C94A274-DB83-4AF6-95A1-F452708A0AAA}.Debug|Any CPU.ActiveCfg = Debug|Any CPU
		{5C94A274-DB83-4AF6-95A1-F452708A0AAA}.Debug|Any CPU.Build.0 = Debug|Any CPU
		{5C94A274-DB83-4AF6-95A1-F452708A0AAA}.Release|Any CPU.ActiveCfg = Release|Any CPU
		{5C94A274-DB83-4AF6-95A1-F452708A0AAA}.Release|Any CPU.Build.0 = Release|Any CPU
		{9FC03F34-EAEE-4721-97DA-65201B348BAD}.Debug|Any CPU.ActiveCfg = Debug|Any CPU
		{9FC03F34-EAEE-4721-97DA-65201B348BAD}.Debug|Any CPU.Build.0 = Debug|Any CPU
		{9FC03F34-EAEE-4721-97DA-65201B348BAD}.Release|Any CPU.ActiveCfg = Release|Any CPU
		{9FC03F34-EAEE-4721-97DA-65201B348BAD}.Release|Any CPU.Build.0 = Release|Any CPU
		{F7F06841-102B-4682-ADC1-641C3D9B4DF1}.Debug|Any CPU.ActiveCfg = Debug|Any CPU
		{F7F06841-102B-4682-ADC1-641C3D9B4DF1}.Debug|Any CPU.Build.0 = Debug|Any CPU
		{F7F06841-102B-4682-ADC1-641C3D9B4DF1}.Release|Any CPU.ActiveCfg = Release|Any CPU
		{F7F06841-102B-4682-ADC1-641C3D9B4DF1}.Release|Any CPU.Build.0 = Release|Any CPU
		{D79050C7-4C74-4E0A-86C6-87EF8E8D9E6E}.Debug|Any CPU.ActiveCfg = Debug|Any CPU
		{D79050C7-4C74-4E0A-86C6-87EF8E8D9E6E}.Debug|Any CPU.Build.0 = Debug|Any CPU
		{D79050C7-4C74-4E0A-86C6-87EF8E8D9E6E}.Release|Any CPU.ActiveCfg = Release|Any CPU
		{D79050C7-4C74-4E0A-86C6-87EF8E8D9E6E}.Release|Any CPU.Build.0 = Release|Any CPU
	EndGlobalSection
EndGlobal
